
Microsoft Visual Studio Solution File, Format Version 12.00
# Visual Studio Version 17
VisualStudioVersion = 17.13.35919.96
MinimumVisualStudioVersion = 10.0.40219.1
Project("{FAE04EC0-301F-11D3-BF4B-00C04F79EFBC}") = "HwOne", "HwOne\HwOne.csproj", "{8780E1E6-A035-4862-8CAD-835FAD1FC319}"
EndProject
Project("{FAE04EC0-301F-11D3-BF4B-00C04F79EFBC}") = "HwTwo", "HwTwo\HwTwo.csproj", "{0A7E6715-81C0-4B6A-83BE-4CA4DDF44486}"
EndProject
Project("{FAE04EC0-301F-11D3-BF4B-00C04F79EFBC}") = "HwThree", "HwThree\HwThree.csproj", "{C1E62606-0F45-4D80-AB42-E3CD0754643D}"
EndProject
Project("{FAE04EC0-301F-11D3-BF4B-00C04F79EFBC}") = "HwFourr", "HwFourr\HwFourr.csproj", "{325D4B62-8237-4815-8926-76665976FD65}"
EndProject
Global
	GlobalSection(SolutionConfigurationPlatforms) = preSolution
		Debug|Any CPU = Debug|Any CPU
		Release|Any CPU = Release|Any CPU
	EndGlobalSection
	GlobalSection(ProjectConfigurationPlatforms) = postSolution
		{8780E1E6-A035-4862-8CAD-835FAD1FC319}.Debug|Any CPU.ActiveCfg = Debug|Any CPU
		{8780E1E6-A035-4862-8CAD-835FAD1FC319}.Debug|Any CPU.Build.0 = Debug|Any CPU
		{8780E1E6-A035-4862-8CAD-835FAD1FC319}.Release|Any CPU.ActiveCfg = Release|Any CPU
		{8780E1E6-A035-4862-8CAD-835FAD1FC319}.Release|Any CPU.Build.0 = Release|Any CPU
		{0A7E6715-81C0-4B6A-83BE-4CA4DDF44486}.Debug|Any CPU.ActiveCfg = Debug|Any CPU
		{0A7E6715-81C0-4B6A-83BE-4CA4DDF44486}.Debug|Any CPU.Build.0 = Debug|Any CPU
		{0A7E6715-81C0-4B6A-83BE-4CA4DDF44486}.Release|Any CPU.ActiveCfg = Release|Any CPU
		{0A7E6715-81C0-4B6A-83BE-4CA4DDF44486}.Release|Any CPU.Build.0 = Release|Any CPU
		{C1E62606-0F45-4D80-AB42-E3CD0754643D}.Debug|Any CPU.ActiveCfg = Debug|Any CPU
		{C1E62606-0F45-4D80-AB42-E3CD0754643D}.Debug|Any CPU.Build.0 = Debug|Any CPU
		{C1E62606-0F45-4D80-AB42-E3CD0754643D}.Release|Any CPU.ActiveCfg = Release|Any CPU
		{C1E62606-0F45-4D80-AB42-E3CD0754643D}.Release|Any CPU.Build.0 = Release|Any CPU
		{325D4B62-8237-4815-8926-76665976FD65}.Debug|Any CPU.ActiveCfg = Debug|Any CPU
		{325D4B62-8237-4815-8926-76665976FD65}.Debug|Any CPU.Build.0 = Debug|Any CPU
		{325D4B62-8237-4815-8926-76665976FD65}.Release|Any CPU.ActiveCfg = Release|Any CPU
		{325D4B62-8237-4815-8926-76665976FD65}.Release|Any CPU.Build.0 = Release|Any CPU
	EndGlobalSection
	GlobalSection(SolutionProperties) = preSolution
		HideSolutionNode = FALSE
	EndGlobalSection
	GlobalSection(ExtensibilityGlobals) = postSolution
		SolutionGuid = {C2CEA992-854D-431E-A1A0-D7D3E480780A}
	EndGlobalSection
EndGlobal
